
Microsoft Visual Studio Solution File, Format Version 12.00
# Visual Studio Version 16
VisualStudioVersion = 16.0.29920.165
MinimumVisualStudioVersion = 10.0.40219.1
Project("{9A19103F-16F7-4668-BE54-9A1E7A4F7556}") = "LionshubJokAPI", "LionshubJokAPI\LionshubJokAPI.csproj", "{31CDEEFD-9AEE-453F-8A44-4CF089F1E50D}"
EndProject
Project("{9A19103F-16F7-4668-BE54-9A1E7A4F7556}") = "LionshubJoker", "LionshubJoker\LionshubJoker.csproj", "{0BF9CB94-DDF2-4F64-B794-21AD3719F3F5}"
EndProject
Global
	GlobalSection(SolutionConfigurationPlatforms) = preSolution
		Debug|Any CPU = Debug|Any CPU
		Release|Any CPU = Release|Any CPU
	EndGlobalSection
	GlobalSection(ProjectConfigurationPlatforms) = postSolution
		{31CDEEFD-9AEE-453F-8A44-4CF089F1E50D}.Debug|Any CPU.ActiveCfg = Debug|Any CPU
		{31CDEEFD-9AEE-453F-8A44-4CF089F1E50D}.Debug|Any CPU.Build.0 = Debug|Any CPU
		{31CDEEFD-9AEE-453F-8A44-4CF089F1E50D}.Release|Any CPU.ActiveCfg = Release|Any CPU
		{31CDEEFD-9AEE-453F-8A44-4CF089F1E50D}.Release|Any CPU.Build.0 = Release|Any CPU
		{0BF9CB94-DDF2-4F64-B794-21AD3719F3F5}.Debug|Any CPU.ActiveCfg = Debug|Any CPU
		{0BF9CB94-DDF2-4F64-B794-21AD3719F3F5}.Debug|Any CPU.Build.0 = Debug|Any CPU
		{0BF9CB94-DDF2-4F64-B794-21AD3719F3F5}.Release|Any CPU.ActiveCfg = Release|Any CPU
		{0BF9CB94-DDF2-4F64-B794-21AD3719F3F5}.Release|Any CPU.Build.0 = Release|Any CPU
	EndGlobalSection
	GlobalSection(SolutionProperties) = preSolution
		HideSolutionNode = FALSE
	EndGlobalSection
	GlobalSection(ExtensibilityGlobals) = postSolution
		SolutionGuid = {4CE369F3-7B17-41F3-A911-3424F8B0EC56}
	EndGlobalSection
EndGlobal
